
Microsoft Visual Studio Solution File, Format Version 12.00
# Visual Studio 15
VisualStudioVersion = 15.0.27004.2005
MinimumVisualStudioVersion = 10.0.40219.1
Project("{FAE04EC0-301F-11D3-BF4B-00C04F79EFBC}") = "Sulmar.WPFMVVM.ShopPracz.Models", "Sulmar.WPFMVVM.ShopPracz.Models\Sulmar.WPFMVVM.ShopPracz.Models.csproj", "{FE176A03-EF03-4209-937D-D104FE805309}"
EndProject
Global
	GlobalSection(SolutionConfigurationPlatforms) = preSolution
		Debug|Any CPU = Debug|Any CPU
		Release|Any CPU = Release|Any CPU
	EndGlobalSection
	GlobalSection(ProjectConfigurationPlatforms) = postSolution
		{FE176A03-EF03-4209-937D-D104FE805309}.Debug|Any CPU.ActiveCfg = Debug|Any CPU
		{FE176A03-EF03-4209-937D-D104FE805309}.Debug|Any CPU.Build.0 = Debug|Any CPU
		{FE176A03-EF03-4209-937D-D104FE805309}.Release|Any CPU.ActiveCfg = Release|Any CPU
		{FE176A03-EF03-4209-937D-D104FE805309}.Release|Any CPU.Build.0 = Release|Any CPU
	EndGlobalSection
	GlobalSection(SolutionProperties) = preSolution
		HideSolutionNode = FALSE
	EndGlobalSection
	GlobalSection(ExtensibilityGlobals) = postSolution
		SolutionGuid = {AC7A2297-4815-4B6F-84F4-5BC570F51811}
	EndGlobalSection
EndGlobal
