
Microsoft Visual Studio Solution File, Format Version 12.00
# Visual Studio 15
VisualStudioVersion = 15.0.27004.2005
MinimumVisualStudioVersion = 10.0.40219.1
Project("{9A19103F-16F7-4668-BE54-9A1E7A4F7556}") = "Sulmar.WPFMVVM.ShopPracz.Models", "Sulmar.WPFMVVM.ShopPracz.Models\Sulmar.WPFMVVM.ShopPracz.Models.csproj", "{FE176A03-EF03-4209-937D-D104FE805309}"
EndProject
Project("{FAE04EC0-301F-11D3-BF4B-00C04F79EFBC}") = "Sulmar.WPFMVVM.ShopPracz.WPFClient", "Sulmar.WPFMVVM.ShopPracz.WPFClient\Sulmar.WPFMVVM.ShopPracz.WPFClient.csproj", "{E34E459B-E86C-40D1-BA00-8D587C3EDB6B}"
EndProject
Project("{FAE04EC0-301F-11D3-BF4B-00C04F79EFBC}") = "Sulmar.WPFMVVM.ShopPracz.ViewModels", "Sulmar.WPFMVVM.ShopPracz.ViewModels\Sulmar.WPFMVVM.ShopPracz.ViewModels.csproj", "{F7102884-5525-410A-BA0E-E43667FFD60A}"
EndProject
Project("{9A19103F-16F7-4668-BE54-9A1E7A4F7556}") = "Sulmar.WPFMVVM.ShopPracz.Services", "Sulmar.WPFMVVM.ShopPracz.Services\Sulmar.WPFMVVM.ShopPracz.Services.csproj", "{F0811320-B8AC-4A6D-B1E9-93EB6164E12C}"
EndProject
Project("{FAE04EC0-301F-11D3-BF4B-00C04F79EFBC}") = "Sulmar.WPFMVVM.Common", "Sulmar.WPFMVVM.Common\Sulmar.WPFMVVM.Common.csproj", "{F1B84291-B79B-4C3C-991A-C76AF9393F37}"
EndProject
Project("{FAE04EC0-301F-11D3-BF4B-00C04F79EFBC}") = "Sulmar.WPFMVVM.Common4", "Sulmar.WPFMVVM.Common4\Sulmar.WPFMVVM.Common4.csproj", "{D95BA6DD-0E51-4488-BD96-23B215845D1E}"
EndProject
Global
	GlobalSection(SolutionConfigurationPlatforms) = preSolution
		Debug|Any CPU = Debug|Any CPU
		Release|Any CPU = Release|Any CPU
	EndGlobalSection
	GlobalSection(ProjectConfigurationPlatforms) = postSolution
		{FE176A03-EF03-4209-937D-D104FE805309}.Debug|Any CPU.ActiveCfg = Debug|Any CPU
		{FE176A03-EF03-4209-937D-D104FE805309}.Debug|Any CPU.Build.0 = Debug|Any CPU
		{FE176A03-EF03-4209-937D-D104FE805309}.Release|Any CPU.ActiveCfg = Release|Any CPU
		{FE176A03-EF03-4209-937D-D104FE805309}.Release|Any CPU.Build.0 = Release|Any CPU
		{E34E459B-E86C-40D1-BA00-8D587C3EDB6B}.Debug|Any CPU.ActiveCfg = Debug|Any CPU
		{E34E459B-E86C-40D1-BA00-8D587C3EDB6B}.Debug|Any CPU.Build.0 = Debug|Any CPU
		{E34E459B-E86C-40D1-BA00-8D587C3EDB6B}.Release|Any CPU.ActiveCfg = Release|Any CPU
		{E34E459B-E86C-40D1-BA00-8D587C3EDB6B}.Release|Any CPU.Build.0 = Release|Any CPU
		{F7102884-5525-410A-BA0E-E43667FFD60A}.Debug|Any CPU.ActiveCfg = Debug|Any CPU
		{F7102884-5525-410A-BA0E-E43667FFD60A}.Debug|Any CPU.Build.0 = Debug|Any CPU
		{F7102884-5525-410A-BA0E-E43667FFD60A}.Release|Any CPU.ActiveCfg = Release|Any CPU
		{F7102884-5525-410A-BA0E-E43667FFD60A}.Release|Any CPU.Build.0 = Release|Any CPU
		{F0811320-B8AC-4A6D-B1E9-93EB6164E12C}.Debug|Any CPU.ActiveCfg = Debug|Any CPU
		{F0811320-B8AC-4A6D-B1E9-93EB6164E12C}.Debug|Any CPU.Build.0 = Debug|Any CPU
		{F0811320-B8AC-4A6D-B1E9-93EB6164E12C}.Release|Any CPU.ActiveCfg = Release|Any CPU
		{F0811320-B8AC-4A6D-B1E9-93EB6164E12C}.Release|Any CPU.Build.0 = Release|Any CPU
		{F1B84291-B79B-4C3C-991A-C76AF9393F37}.Debug|Any CPU.ActiveCfg = Debug|Any CPU
		{F1B84291-B79B-4C3C-991A-C76AF9393F37}.Debug|Any CPU.Build.0 = Debug|Any CPU
		{F1B84291-B79B-4C3C-991A-C76AF9393F37}.Release|Any CPU.ActiveCfg = Release|Any CPU
		{F1B84291-B79B-4C3C-991A-C76AF9393F37}.Release|Any CPU.Build.0 = Release|Any CPU
		{D95BA6DD-0E51-4488-BD96-23B215845D1E}.Debug|Any CPU.ActiveCfg = Debug|Any CPU
		{D95BA6DD-0E51-4488-BD96-23B215845D1E}.Debug|Any CPU.Build.0 = Debug|Any CPU
		{D95BA6DD-0E51-4488-BD96-23B215845D1E}.Release|Any CPU.ActiveCfg = Release|Any CPU
		{D95BA6DD-0E51-4488-BD96-23B215845D1E}.Release|Any CPU.Build.0 = Release|Any CPU
	EndGlobalSection
	GlobalSection(SolutionProperties) = preSolution
		HideSolutionNode = FALSE
	EndGlobalSection
	GlobalSection(ExtensibilityGlobals) = postSolution
		SolutionGuid = {AC7A2297-4815-4B6F-84F4-5BC570F51811}
	EndGlobalSection
EndGlobal
